
Microsoft Visual Studio Solution File, Format Version 12.00
# Visual Studio Version 17
VisualStudioVersion = 17.1.32421.90
MinimumVisualStudioVersion = 10.0.40219.1
Project("{FAE04EC0-301F-11D3-BF4B-00C04F79EFBC}") = "Corsi - 21", "Corsi - 21\Corsi - 21.csproj", "{701BBEA8-49BD-4C1C-9CE2-CD6021355A1F}"
EndProject
Global
	GlobalSection(SolutionConfigurationPlatforms) = preSolution
		Debug|Any CPU = Debug|Any CPU
		Release|Any CPU = Release|Any CPU
	EndGlobalSection
	GlobalSection(ProjectConfigurationPlatforms) = postSolution
		{701BBEA8-49BD-4C1C-9CE2-CD6021355A1F}.Debug|Any CPU.ActiveCfg = Debug|Any CPU
		{701BBEA8-49BD-4C1C-9CE2-CD6021355A1F}.Debug|Any CPU.Build.0 = Debug|Any CPU
		{701BBEA8-49BD-4C1C-9CE2-CD6021355A1F}.Release|Any CPU.ActiveCfg = Release|Any CPU
		{701BBEA8-49BD-4C1C-9CE2-CD6021355A1F}.Release|Any CPU.Build.0 = Release|Any CPU
	EndGlobalSection
	GlobalSection(SolutionProperties) = preSolution
		HideSolutionNode = FALSE
	EndGlobalSection
	GlobalSection(ExtensibilityGlobals) = postSolution
		SolutionGuid = {411A2E60-A120-4AE4-86B5-95445B682F7F}
	EndGlobalSection
EndGlobal
